{
    "name": "Summarizer",
    "lockfileVersion": 3,
    "requires": true,
    "packages": {
        "": {
            "dependencies": {
                "chrome-types": "^0.1.390"
            }
        },
        "node_modules/chrome-types": {
            "version": "0.1.390",
            "resolved": "https://registry.npmjs.org/chrome-types/-/chrome-types-0.1.390.tgz",
            "integrity": "sha512-D5WVDIXTFORzF+zjsDkLy7RJBN0bqEDtMovwSOW22w+mAY3PH85zViqwz6vfWPoznLzFvFjARDT3iEVoxAmF+Q==",
            "license": "Apache-2.0"
        }
    }
}
